Microsoft Visual Studio Solution File, Format Version 12.00
# Visual Studio Version 17
VisualStudioVersion = 17.5.2.0
MinimumVisualStudioVersion = 10.0.40219.1
Project("{2150E333-8FDC-42A3-9474-1A3956D46DE8}") = "ingest", "ingest", "{DC0583C0-AB1F-0E50-B08F-1C6BE3AAB6F6}"
EndProject
Project("{2150E333-8FDC-42A3-9474-1A3956D46DE8}") = "telemetryService", "telemetryService", "{A451BEC5-E04F-664A-095D-4BF4F14A859C}"
EndProject
Project("{FAE04EC0-301F-11D3-BF4B-00C04F79EFBC}") = "ingest", "ingest\dotnet\ingest.csproj", "{BA226237-8824-5FF6-F2F5-846F98FF236E}"
EndProject
Project("{FAE04EC0-301F-11D3-BF4B-00C04F79EFBC}") = "PubSubPOC", "telemetryService\PubSubPOC\PubSubPOC.csproj", "{2A8DC805-BA66-7BC1-DFBF-489E6B8EC730}"
EndProject
Global
	GlobalSection(SolutionConfigurationPlatforms) = preSolution
		Debug|Any CPU = Debug|Any CPU
		Release|Any CPU = Release|Any CPU
	EndGlobalSection
	GlobalSection(ProjectConfigurationPlatforms) = postSolution
		{BA226237-8824-5FF6-F2F5-846F98FF236E}.Debug|Any CPU.ActiveCfg = Debug|Any CPU
		{BA226237-8824-5FF6-F2F5-846F98FF236E}.Debug|Any CPU.Build.0 = Debug|Any CPU
		{BA226237-8824-5FF6-F2F5-846F98FF236E}.Release|Any CPU.ActiveCfg = Release|Any CPU
		{BA226237-8824-5FF6-F2F5-846F98FF236E}.Release|Any CPU.Build.0 = Release|Any CPU
		{2A8DC805-BA66-7BC1-DFBF-489E6B8EC730}.Debug|Any CPU.ActiveCfg = Debug|Any CPU
		{2A8DC805-BA66-7BC1-DFBF-489E6B8EC730}.Debug|Any CPU.Build.0 = Debug|Any CPU
		{2A8DC805-BA66-7BC1-DFBF-489E6B8EC730}.Release|Any CPU.ActiveCfg = Release|Any CPU
		{2A8DC805-BA66-7BC1-DFBF-489E6B8EC730}.Release|Any CPU.Build.0 = Release|Any CPU
	EndGlobalSection
	GlobalSection(SolutionProperties) = preSolution
		HideSolutionNode = FALSE
	EndGlobalSection
	GlobalSection(NestedProjects) = preSolution
		{BA226237-8824-5FF6-F2F5-846F98FF236E} = {DC0583C0-AB1F-0E50-B08F-1C6BE3AAB6F6}
		{2A8DC805-BA66-7BC1-DFBF-489E6B8EC730} = {A451BEC5-E04F-664A-095D-4BF4F14A859C}
	EndGlobalSection
	GlobalSection(ExtensibilityGlobals) = postSolution
		SolutionGuid = {D21445BA-4566-4DA7-B8DD-235C0692C588}
	EndGlobalSection
EndGlobal
